
Microsoft Visual Studio Solution File, Format Version 12.00
# Visual Studio Version 17
VisualStudioVersion = 17.8.34309.116
MinimumVisualStudioVersion = 10.0.40219.1
Project("{FAE04EC0-301F-11D3-BF4B-00C04F79EFBC}") = "halconwpf01", "halconwpf01.csproj", "{13E526E7-3B58-413D-B9C0-854F20D7F5E8}"
EndProject
Global
	GlobalSection(SolutionConfigurationPlatforms) = preSolution
		Debug|Any CPU = Debug|Any CPU
		Debug|x64 = Debug|x64
		Release|Any CPU = Release|Any CPU
		Release|x64 = Release|x64
	EndGlobalSection
	GlobalSection(ProjectConfigurationPlatforms) = postSolution
		{13E526E7-3B58-413D-B9C0-854F20D7F5E8}.Debug|Any CPU.ActiveCfg = Debug|Any CPU
		{13E526E7-3B58-413D-B9C0-854F20D7F5E8}.Debug|Any CPU.Build.0 = Debug|Any CPU
		{13E526E7-3B58-413D-B9C0-854F20D7F5E8}.Debug|x64.ActiveCfg = Debug|x64
		{13E526E7-3B58-413D-B9C0-854F20D7F5E8}.Debug|x64.Build.0 = Debug|x64
		{13E526E7-3B58-413D-B9C0-854F20D7F5E8}.Release|Any CPU.ActiveCfg = Release|Any CPU
		{13E526E7-3B58-413D-B9C0-854F20D7F5E8}.Release|Any CPU.Build.0 = Release|Any CPU
		{13E526E7-3B58-413D-B9C0-854F20D7F5E8}.Release|x64.ActiveCfg = Release|x64
		{13E526E7-3B58-413D-B9C0-854F20D7F5E8}.Release|x64.Build.0 = Release|x64
	EndGlobalSection
	GlobalSection(SolutionProperties) = preSolution
		HideSolutionNode = FALSE
	EndGlobalSection
	GlobalSection(ExtensibilityGlobals) = postSolution
		SolutionGuid = {0479232E-B754-453C-9F0D-A76062039F0D}
	EndGlobalSection
EndGlobal
